# generated by rye
# use `rye lock` or `rye sync` to update this lockfile
#
# last locked with the following flags:
#   pre: false
#   features: []
#   all-features: false
#   with-sources: false
#   generate-hashes: false
#   universal: false

-e file:.
cachetools==5.4.0
    # via google-auth
certifi==2024.7.4
    # via requests
charset-normalizer==3.3.2
    # via requests
google-api-core==2.19.1
    # via google-api-python-client
google-api-python-client==2.139.0
    # via worker
google-auth==2.32.0
    # via google-api-core
    # via google-api-python-client
    # via google-auth-httplib2
google-auth-httplib2==0.2.0
    # via google-api-python-client
googleapis-common-protos==1.63.2
    # via google-api-core
grpcio==1.65.4
    # via worker
httplib2==0.22.0
    # via google-api-python-client
    # via google-auth-httplib2
idna==3.7
    # via requests
proto-plus==1.24.0
    # via google-api-core
protobuf==5.27.3
    # via google-api-core
    # via googleapis-common-protos
    # via proto-plus
    # via worker
pyasn1==0.6.0
    # via pyasn1-modules
    # via rsa
pyasn1-modules==0.4.0
    # via google-auth
pyparsing==3.1.2
    # via httplib2
requests==2.32.3
    # via google-api-core
rsa==4.9
    # via google-auth
uritemplate==4.1.1
    # via google-api-python-client
urllib3==2.2.2
    # via requests
